
Microsoft Visual Studio Solution File, Format Version 12.00
# Visual Studio 15
VisualStudioVersion = 15.0.27703.2047
MinimumVisualStudioVersion = 10.0.40219.1
Project("{FAE04EC0-301F-11D3-BF4B-00C04F79EFBC}") = "BE_TYPING", "BE_TYPING\BE_TYPING.csproj", "{4317B95F-4CF8-45D5-90C0-7F1909B4C56F}"
EndProject
Project("{FAE04EC0-301F-11D3-BF4B-00C04F79EFBC}") = "BE_TYPING.Tests", "BE_TYPING.Tests\BE_TYPING.Tests.csproj", "{5C8150A9-F76D-4A09-8A26-E69D643BB3BB}"
EndProject
Global
	GlobalSection(SolutionConfigurationPlatforms) = preSolution
		Debug|Any CPU = Debug|Any CPU
		Release|Any CPU = Release|Any CPU
	EndGlobalSection
	GlobalSection(ProjectConfigurationPlatforms) = postSolution
		{4317B95F-4CF8-45D5-90C0-7F1909B4C56F}.Debug|Any CPU.ActiveCfg = Debug|Any CPU
		{4317B95F-4CF8-45D5-90C0-7F1909B4C56F}.Debug|Any CPU.Build.0 = Debug|Any CPU
		{4317B95F-4CF8-45D5-90C0-7F1909B4C56F}.Release|Any CPU.ActiveCfg = Release|Any CPU
		{4317B95F-4CF8-45D5-90C0-7F1909B4C56F}.Release|Any CPU.Build.0 = Release|Any CPU
		{5C8150A9-F76D-4A09-8A26-E69D643BB3BB}.Debug|Any CPU.ActiveCfg = Debug|Any CPU
		{5C8150A9-F76D-4A09-8A26-E69D643BB3BB}.Debug|Any CPU.Build.0 = Debug|Any CPU
		{5C8150A9-F76D-4A09-8A26-E69D643BB3BB}.Release|Any CPU.ActiveCfg = Release|Any CPU
		{5C8150A9-F76D-4A09-8A26-E69D643BB3BB}.Release|Any CPU.Build.0 = Release|Any CPU
	EndGlobalSection
	GlobalSection(SolutionProperties) = preSolution
		HideSolutionNode = FALSE
	EndGlobalSection
	GlobalSection(ExtensibilityGlobals) = postSolution
		SolutionGuid = {6105E224-0A84-41B1-8AA2-5A45583629BE}
	EndGlobalSection
EndGlobal
